
Microsoft Visual Studio Solution File, Format Version 12.00
# Visual Studio 15
VisualStudioVersion = 15.0.27428.2037
MinimumVisualStudioVersion = 10.0.40219.1
Project("{FAE04EC0-301F-11D3-BF4B-00C04F79EFBC}") = "NagiBot", "NagiBot\NagiBot.csproj", "{9C3B0DF3-CF6E-4C95-B0A4-81E73A6B25D0}"
EndProject
Global
	GlobalSection(SolutionConfigurationPlatforms) = preSolution
		Debug|Any CPU = Debug|Any CPU
		Release|Any CPU = Release|Any CPU
	EndGlobalSection
	GlobalSection(ProjectConfigurationPlatforms) = postSolution
		{9C3B0DF3-CF6E-4C95-B0A4-81E73A6B25D0}.Debug|Any CPU.ActiveCfg = Debug|Any CPU
		{9C3B0DF3-CF6E-4C95-B0A4-81E73A6B25D0}.Debug|Any CPU.Build.0 = Debug|Any CPU
		{9C3B0DF3-CF6E-4C95-B0A4-81E73A6B25D0}.Release|Any CPU.ActiveCfg = Release|Any CPU
		{9C3B0DF3-CF6E-4C95-B0A4-81E73A6B25D0}.Release|Any CPU.Build.0 = Release|Any CPU
	EndGlobalSection
	GlobalSection(SolutionProperties) = preSolution
		HideSolutionNode = FALSE
	EndGlobalSection
	GlobalSection(ExtensibilityGlobals) = postSolution
		SolutionGuid = {E5B745EA-C59E-4F0E-97FB-14D4A294C93E}
	EndGlobalSection
EndGlobal
